github.com/Scalingo/go-workers v0.0.0-20150506000945-5a3fe4ca9668 h1:amu2fnl1Q4c7l6AS+mTF25dpgUjMOLeufbCIUEaQbRQ=
github.com/Scalingo/go-workers v0.0.0-20150506000945-5a3fe4ca9668/go.mod h1:QOmn02w4gJ/97T2WOkK9SNhLRmzXTi7tKQDqxm/aMXM=
github.com/bitly/go-simplejson v0.5.0 h1:6IH+V8/tVMab511d5bn4M7EwGXZf9Hj6i2xSwkNEM+Y=
github.com/bitly/go-simplejson v0.5.0/go.mod h1:cXHtHw4XUPsvGaxgjIAn8PhEWG9NfngEKAMDJEczWVA=
github.com/garyburd/redigo v1.6.3 h1:HCeeRluvAgMusMomi1+6Y5dmFOdYV/JzoRrrbFlkGIc=
github.com/garyburd/redigo v1.6.3/go.mod h1:rTb6epsqigu3kYKBnaF028A7Tf/Aw5s0cqA47doKKqw=
github.com/jrallison/go-workers v0.0.0-20180112190529-dbf81d0b75bb h1:y9LFhCM3gwK94Xz9/h7GcSVLteky9pFHEkP04AqQupA=
github.com/jrallison/go-workers v0.0.0-20180112190529-dbf81d0b75bb/go.mod h1:ziQRRNHCWZe0wVNzF8y8kCWpso0VMpqHJjB19DSenbE=
